
Microsoft Visual Studio Solution File, Format Version 12.00
# Visual Studio Version 17
VisualStudioVersion = 17.10.35013.160
MinimumVisualStudioVersion = 10.0.40219.1
Project("{FAE04EC0-301F-11D3-BF4B-00C04F79EFBC}") = "calculadora", "calculadora\calculadora.csproj", "{0999BA4E-1FF7-496A-AE44-C4B6833B962A}"
EndProject
Global
	GlobalSection(SolutionConfigurationPlatforms) = preSolution
		Debug|Any CPU = Debug|Any CPU
		Release|Any CPU = Release|Any CPU
	EndGlobalSection
	GlobalSection(ProjectConfigurationPlatforms) = postSolution
		{0999BA4E-1FF7-496A-AE44-C4B6833B962A}.Debug|Any CPU.ActiveCfg = Debug|Any CPU
		{0999BA4E-1FF7-496A-AE44-C4B6833B962A}.Debug|Any CPU.Build.0 = Debug|Any CPU
		{0999BA4E-1FF7-496A-AE44-C4B6833B962A}.Release|Any CPU.ActiveCfg = Release|Any CPU
		{0999BA4E-1FF7-496A-AE44-C4B6833B962A}.Release|Any CPU.Build.0 = Release|Any CPU
	EndGlobalSection
	GlobalSection(SolutionProperties) = preSolution
		HideSolutionNode = FALSE
	EndGlobalSection
	GlobalSection(ExtensibilityGlobals) = postSolution
		SolutionGuid = {E0BD4C7A-AA56-4EEB-9BB2-060E02EDD07C}
	EndGlobalSection
EndGlobal
